{
  "nodes": {
    "nixpkgs": {
      "locked": {
        "lastModified": 1750873080,
        "narHash": "sha256-XUsTjyECFNJaFRhE3IUgCC2cAQhnH25Um5+wrpZzG/8=",
        "owner": "nixos",
        "repo": "nixpkgs",
        "rev": "f43dfc2e5788f17aaa0fcb489782fa72203b87d2",
        "type": "github"
      },
      "original": {
        "owner": "nixos",
        "repo": "nixpkgs",
        "type": "github"
      }
    },
    "root": {
      "inputs": {
        "nixpkgs": "nixpkgs"
      }
    }
  },
  "root": "root",
  "version": 7
}
